
Microsoft Visual Studio Solution File, Format Version 12.00
# Visual Studio 15
VisualStudioVersion = 15.0.27703.2042
MinimumVisualStudioVersion = 10.0.40219.1
Project("{FAE04EC0-301F-11D3-BF4B-00C04F79EFBC}") = "FirstMvcApp", "FirstMvcApp\FirstMvcApp.csproj", "{1FA9C5F7-8768-4204-AF0E-46115ADB585F}"
EndProject
Project("{FAE04EC0-301F-11D3-BF4B-00C04F79EFBC}") = "FirstMvcApp.VSTest", "FirstMvcApp.VSTest\FirstMvcApp.VSTest.csproj", "{B26CC3EE-1943-474E-A45B-10C5BDF661E5}"
EndProject
Global
	GlobalSection(SolutionConfigurationPlatforms) = preSolution
		Debug|Any CPU = Debug|Any CPU
		Release|Any CPU = Release|Any CPU
	EndGlobalSection
	GlobalSection(ProjectConfigurationPlatforms) = postSolution
		{1FA9C5F7-8768-4204-AF0E-46115ADB585F}.Debug|Any CPU.ActiveCfg = Debug|Any CPU
		{1FA9C5F7-8768-4204-AF0E-46115ADB585F}.Debug|Any CPU.Build.0 = Debug|Any CPU
		{1FA9C5F7-8768-4204-AF0E-46115ADB585F}.Release|Any CPU.ActiveCfg = Release|Any CPU
		{1FA9C5F7-8768-4204-AF0E-46115ADB585F}.Release|Any CPU.Build.0 = Release|Any CPU
		{B26CC3EE-1943-474E-A45B-10C5BDF661E5}.Debug|Any CPU.ActiveCfg = Debug|Any CPU
		{B26CC3EE-1943-474E-A45B-10C5BDF661E5}.Debug|Any CPU.Build.0 = Debug|Any CPU
		{B26CC3EE-1943-474E-A45B-10C5BDF661E5}.Release|Any CPU.ActiveCfg = Release|Any CPU
		{B26CC3EE-1943-474E-A45B-10C5BDF661E5}.Release|Any CPU.Build.0 = Release|Any CPU
	EndGlobalSection
	GlobalSection(SolutionProperties) = preSolution
		HideSolutionNode = FALSE
	EndGlobalSection
	GlobalSection(ExtensibilityGlobals) = postSolution
		SolutionGuid = {62CA89AA-1BFD-4374-A34B-90123C0933A9}
	EndGlobalSection
EndGlobal
